// !$*UTF8*$!
{
	archiveVersion = 1;
	classes = {
	};
	objectVersion = 46;
	objects = {

/* Begin PBXBuildFile section */
		0656FCECDEBD407A9EB25F22 /* libPods.a in Frameworks */ = {isa = PBXBuildFile; fileRef = 45B9D25C8C554FF79DF2AD28 /* libPods.a */; };
		3BE35BC119BACD4A001673BB /* Foundation.framework in Frameworks */ = {isa = PBXBuildFile; fileRef = 3BE35BC019BACD4A001673BB /* Foundation.framework */; };
		3BE35BC319BACD4A001673BB /* CoreGraphics.framework in Frameworks */ = {isa = PBXBuildFile; fileRef = 3BE35BC219BACD4A001673BB /* CoreGraphics.framework */; };
		3BE35BC519BACD4A001673BB /* UIKit.framework in Frameworks */ = {isa = PBXBuildFile; fileRef = 3BE35BC419BACD4A001673BB /* UIKit.framework */; };
		3BE35BCB19BACD4A001673BB /* InfoPlist.strings in Resources */ = {isa = PBXBuildFile; fileRef = 3BE35BC919BACD4A001673BB /* InfoPlist.strings */; };
		3BE35BCD19BACD4A001673BB /* main.m in Sources */ = {isa = PBXBuildFile; fileRef = 3BE35BCC19BACD4A001673BB /* main.m */; };
		3BE35BD119BACD4A001673BB /* MNAppDelegate.m in Sources */ = {isa = PBXBuildFile; fileRef = 3BE35BD019BACD4A001673BB /* MNAppDelegate.m */; };
		3BE35BD319BACD4A001673BB /* Images.xcassets in Resources */ = {isa = PBXBuildFile; fileRef = 3BE35BD219BACD4A001673BB /* Images.xcassets */; };
		3BE35BDA19BACD4A001673BB /* XCTest.framework in Frameworks */ = {isa = PBXBuildFile; fileRef = 3BE35BD919BACD4A001673BB /* XCTest.framework */; };
		3BE35BDB19BACD4A001673BB /* Foundation.framework in Frameworks */ = {isa = PBXBuildFile; fileRef = 3BE35BC019BACD4A001673BB /* Foundation.framework */; };
		3BE35BDC19BACD4A001673BB /* UIKit.framework in Frameworks */ = {isa = PBXBuildFile; fileRef = 3BE35BC419BACD4A001673BB /* UIKit.framework */; };
		3BE35BE419BACD4A001673BB /* InfoPlist.strings in Resources */ = {isa = PBXBuildFile; fileRef = 3BE35BE219BACD4A001673BB /* InfoPlist.strings */; };
		3BE35BE619BACD4A001673BB /* Mass_NewsTests.m in Sources */ = {isa = PBXBuildFile; fileRef = 3BE35BE519BACD4A001673BB /* Mass_NewsTests.m */; };
		3BE35BFC19BB17BF001673BB /* MNConnectButton.xib in Resources */ = {isa = PBXBuildFile; fileRef = 3BE35BFB19BB17BF001673BB /* MNConnectButton.xib */; };
		3BE35C0219BB1F8E001673BB /* MNMainViewController.m in Sources */ = {isa = PBXBuildFile; fileRef = 3BE35C0119BB1F8E001673BB /* MNMainViewController.m */; };
/* End PBXBuildFile section */

/* Begin PBXContainerItemProxy section */
		3BE35BDD19BACD4A001673BB /* PBXContainerItemProxy */ = {
			isa = PBXContainerItemProxy;
			containerPortal = 3BE35BB519BACD4A001673BB /* Project object */;
			proxyType = 1;
			remoteGlobalIDString = 3BE35BBC19BACD4A001673BB;
			remoteInfo = "Mass-News";
		};
/* End PBXContainerItemProxy section */

/* Begin PBXFileReference section */
		3BE35BBD19BACD4A001673BB /* Mass-News.app */ = {isa = PBXFileReference; explicitFileType = wrapper.application; includeInIndex = 0; path = "Mass-News.app"; sourceTree = BUILT_PRODUCTS_DIR; };
		3BE35BC019BACD4A001673BB /* Foundation.framework */ = {isa = PBXFileReference; lastKnownFileType = wrapper.framework; name = Foundation.framework; path = System/Library/Frameworks/Foundation.framework; sourceTree = SDKROOT; };
		3BE35BC219BACD4A001673BB /* CoreGraphics.framework */ = {isa = PBXFileReference; lastKnownFileType = wrapper.framework; name = CoreGraphics.framework; path = System/Library/Frameworks/CoreGraphics.framework; sourceTree = SDKROOT; };
		3BE35BC419BACD4A001673BB /* UIKit.framework */ = {isa = PBXFileReference; lastKnownFileType = wrapper.framework; name = UIKit.framework; path = System/Library/Frameworks/UIKit.framework; sourceTree = SDKROOT; };
		3BE35BC819BACD4A001673BB /* Mass-News-Info.plist */ = {isa = PBXFileReference; lastKnownFileType = text.plist.xml; path = "Mass-News-Info.plist"; sourceTree = "<group>"; };
		3BE35BCA19BACD4A001673BB /* en */ = {isa = PBXFileReference; lastKnownFileType = text.plist.strings; name = en; path = en.lproj/InfoPlist.strings; sourceTree = "<group>"; };
		3BE35BCC19BACD4A001673BB /* main.m */ = {isa = PBXFileReference; lastKnownFileType = sourcecode.c.objc; path = main.m; sourceTree = "<group>"; };
		3BE35BCE19BACD4A001673BB /* Mass-News-Prefix.pch */ = {isa = PBXFileReference; lastKnownFileType = sourcecode.c.h; path = "Mass-News-Prefix.pch"; sourceTree = "<group>"; };
		3BE35BCF19BACD4A001673BB /* MNAppDelegate.h */ = {isa = PBXFileReference; lastKnownFileType = sourcecode.c.h; path = MNAppDelegate.h; sourceTree = "<group>"; };
		3BE35BD019BACD4A001673BB /* MNAppDelegate.m */ = {isa = PBXFileReference; lastKnownFileType = sourcecode.c.objc; path = MNAppDelegate.m; sourceTree = "<group>"; };
		3BE35BD219BACD4A001673BB /* Images.xcassets */ = {isa = PBXFileReference; lastKnownFileType = folder.assetcatalog; path = Images.xcassets; sourceTree = "<group>"; };
		3BE35BD819BACD4A001673BB /* Mass-NewsTests.xctest */ = {isa = PBXFileReference; explicitFileType = wrapper.cfbundle; includeInIndex = 0; path = "Mass-NewsTests.xctest"; sourceTree = BUILT_PRODUCTS_DIR; };
		3BE35BD919BACD4A001673BB /* XCTest.framework */ = {isa = PBXFileReference; lastKnownFileType = wrapper.framework; name = XCTest.framework; path = Library/Frameworks/XCTest.framework; sourceTree = DEVELOPER_DIR; };
		3BE35BE119BACD4A001673BB /* Mass-NewsTests-Info.plist */ = {isa = PBXFileReference; lastKnownFileType = text.plist.xml; path = "Mass-NewsTests-Info.plist"; sourceTree = "<group>"; };
		3BE35BE319BACD4A001673BB /* en */ = {isa = PBXFileReference; lastKnownFileType = text.plist.strings; name = en; path = en.lproj/InfoPlist.strings; sourceTree = "<group>"; };
		3BE35BE519BACD4A001673BB /* Mass_NewsTests.m */ = {isa = PBXFileReference; lastKnownFileType = sourcecode.c.objc; path = Mass_NewsTests.m; sourceTree = "<group>"; };
		3BE35BFB19BB17BF001673BB /* MNConnectButton.xib */ = {isa = PBXFileReference; fileEncoding = 4; lastKnownFileType = file.xib; path = MNConnectButton.xib; sourceTree = "<group>"; };
		3BE35C0019BB1F8E001673BB /* MNMainViewController.h */ = {isa = PBXFileReference; fileEncoding = 4; lastKnownFileType = sourcecode.c.h; path = MNMainViewController.h; sourceTree = "<group>"; };
		3BE35C0119BB1F8E001673BB /* MNMainViewController.m */ = {isa = PBXFileReference; fileEncoding = 4; lastKnownFileType = sourcecode.c.objc; path = MNMainViewController.m; sourceTree = "<group>"; };
		45B9D25C8C554FF79DF2AD28 /* libPods.a */ = {isa = PBXFileReference; explicitFileType = archive.ar; includeInIndex = 0; path = libPods.a; sourceTree = BUILT_PRODUCTS_DIR; };
		B9B4AC7B41564F5789F7FA60 /* Pods.xcconfig */ = {isa = PBXFileReference; includeInIndex = 1; lastKnownFileType = text.xcconfig; name = Pods.xcconfig; path = Pods/Pods.xcconfig; sourceTree = "<group>"; };
/* End PBXFileReference section */

/* Begin PBXFrameworksBuildPhase section */
		3BE35BBA19BACD4A001673BB /* Frameworks */ = {
			isa = PBXFrameworksBuildPhase;
			buildActionMask = 2147483647;
			files = (
				3BE35BC319BACD4A001673BB /* CoreGraphics.framework in Frameworks */,
				3BE35BC519BACD4A001673BB /* UIKit.framework in Frameworks */,
				3BE35BC119BACD4A001673BB /* Foundation.framework in Frameworks */,
				0656FCECDEBD407A9EB25F22 /* libPods.a in Frameworks */,
			);
			runOnlyForDeploymentPostprocessing = 0;
		};
		3BE35BD519BACD4A001673BB /* Frameworks */ = {
			isa = PBXFrameworksBuildPhase;
			buildActionMask = 2147483647;
			files = (
				3BE35BDA19BACD4A001673BB /* XCTest.framework in Frameworks */,
				3BE35BDC19BACD4A001673BB /* UIKit.framework in Frameworks */,
				3BE35BDB19BACD4A001673BB /* Foundation.framework in Frameworks */,
			);
			runOnlyForDeploymentPostprocessing = 0;
		};
/* End PBXFrameworksBuildPhase section */

/* Begin PBXGroup section */
		3BE35BB419BACD4A001673BB = {
			isa = PBXGroup;
			children = (
				3BE35BC619BACD4A001673BB /* Mass-News */,
				3BE35BDF19BACD4A001673BB /* Mass-NewsTests */,
				3BE35BBF19BACD4A001673BB /* Frameworks */,
				3BE35BBE19BACD4A001673BB /* Products */,
				B9B4AC7B41564F5789F7FA60 /* Pods.xcconfig */,
			);
			sourceTree = "<group>";
		};
		3BE35BBE19BACD4A001673BB /* Products */ = {
			isa = PBXGroup;
			children = (
				3BE35BBD19BACD4A001673BB /* Mass-News.app */,
				3BE35BD819BACD4A001673BB /* Mass-NewsTests.xctest */,
			);
			name = Products;
			sourceTree = "<group>";
		};
		3BE35BBF19BACD4A001673BB /* Frameworks */ = {
			isa = PBXGroup;
			children = (
				3BE35BC019BACD4A001673BB /* Foundation.framework */,
				3BE35BC219BACD4A001673BB /* CoreGraphics.framework */,
				3BE35BC419BACD4A001673BB /* UIKit.framework */,
				3BE35BD919BACD4A001673BB /* XCTest.framework */,
				45B9D25C8C554FF79DF2AD28 /* libPods.a */,
			);
			name = Frameworks;
			sourceTree = "<group>";
		};
		3BE35BC619BACD4A001673BB /* Mass-News */ = {
			isa = PBXGroup;
			children = (
				3BE35BCF19BACD4A001673BB /* MNAppDelegate.h */,
				3BE35BD019BACD4A001673BB /* MNAppDelegate.m */,
				3BE35BD219BACD4A001673BB /* Images.xcassets */,
				3BE35BC719BACD4A001673BB /* Supporting Files */,
				3BE35C0019BB1F8E001673BB /* MNMainViewController.h */,
				3BE35C0119BB1F8E001673BB /* MNMainViewController.m */,
				3BE35BFB19BB17BF001673BB /* MNConnectButton.xib */,
			);
			path = "Mass-News";
			sourceTree = "<group>";
		};
		3BE35BC719BACD4A001673BB /* Supporting Files */ = {
			isa = PBXGroup;
			children = (
				3BE35BC819BACD4A001673BB /* Mass-News-Info.plist */,
				3BE35BC919BACD4A001673BB /* InfoPlist.strings */,
				3BE35BCC19BACD4A001673BB /* main.m */,
				3BE35BCE19BACD4A001673BB /* Mass-News-Prefix.pch */,
			);
			name = "Supporting Files";
			sourceTree = "<group>";
		};
		3BE35BDF19BACD4A001673BB /* Mass-NewsTests */ = {
			isa = PBXGroup;
			children = (
				3BE35BE519BACD4A001673BB /* Mass_NewsTests.m */,
				3BE35BE019BACD4A001673BB /* Supporting Files */,
			);
			path = "Mass-NewsTests";
			sourceTree = "<group>";
		};
		3BE35BE019BACD4A001673BB /* Supporting Files */ = {
			isa = PBXGroup;
			children = (
				3BE35BE119BACD4A001673BB /* Mass-NewsTests-Info.plist */,
				3BE35BE219BACD4A001673BB /* InfoPlist.strings */,
			);
			name = "Supporting Files";
			sourceTree = "<group>";
		};
/* End PBXGroup section */

/* Begin PBXNativeTarget section */
		3BE35BBC19BACD4A001673BB /* Mass-News */ = {
			isa = PBXNativeTarget;
			buildConfigurationList = 3BE35BE919BACD4A001673BB /* Build configuration list for PBXNativeTarget "Mass-News" */;
			buildPhases = (
				CE2D9B2F09104CC582348556 /* Check Pods Manifest.lock */,
				3BE35BB919BACD4A001673BB /* Sources */,
				3BE35BBA19BACD4A001673BB /* Frameworks */,
				3BE35BBB19BACD4A001673BB /* Resources */,
				6E806B1B30CA4FD3B8A4CB76 /* Copy Pods Resources */,
			);
			buildRules = (
			);
			dependencies = (
			);
			name = "Mass-News";
			productName = "Mass-News";
			productReference = 3BE35BBD19BACD4A001673BB /* Mass-News.app */;
			productType = "com.apple.product-type.application";
		};
		3BE35BD719BACD4A001673BB /* Mass-NewsTests */ = {
			isa = PBXNativeTarget;
			buildConfigurationList = 3BE35BEC19BACD4A001673BB /* Build configuration list for PBXNativeTarget "Mass-NewsTests" */;
			buildPhases = (
				3BE35BD419BACD4A001673BB /* Sources */,
				3BE35BD519BACD4A001673BB /* Frameworks */,
				3BE35BD619BACD4A001673BB /* Resources */,
			);
			buildRules = (
			);
			dependencies = (
				3BE35BDE19BACD4A001673BB /* PBXTargetDependency */,
			);
			name = "Mass-NewsTests";
			productName = "Mass-NewsTests";
			productReference = 3BE35BD819BACD4A001673BB /* Mass-NewsTests.xctest */;
			productType = "com.apple.product-type.bundle.unit-test";
		};
/* End PBXNativeTarget section */

/* Begin PBXProject section */
		3BE35BB519BACD4A001673BB /* Project object */ = {
			isa = PBXProject;
			attributes = {
				CLASSPREFIX = MN;
				LastUpgradeCheck = 0510;
				ORGANIZATIONNAME = "Thomas Clark";
				TargetAttributes = {
					3BE35BBC19BACD4A001673BB = {
						DevelopmentTeam = 428GV9C6U9;
					};
					3BE35BD719BACD4A001673BB = {
						TestTargetID = 3BE35BBC19BACD4A001673BB;
					};
				};
			};
			buildConfigurationList = 3BE35BB819BACD4A001673BB /* Build configuration list for PBXProject "Mass-News" */;
			compatibilityVersion = "Xcode 3.2";
			developmentRegion = English;
			hasScannedForEncodings = 0;
			knownRegions = (
				en,
			);
			mainGroup = 3BE35BB419BACD4A001673BB;
			productRefGroup = 3BE35BBE19BACD4A001673BB /* Products */;
			projectDirPath = "";
			projectRoot = "";
			targets = (
				3BE35BBC19BACD4A001673BB /* Mass-News */,
				3BE35BD719BACD4A001673BB /* Mass-NewsTests */,
			);
		};
/* End PBXProject section */

/* Begin PBXResourcesBuildPhase section */
		3BE35BBB19BACD4A001673BB /* Resources */ = {
			isa = PBXResourcesBuildPhase;
			buildActionMask = 2147483647;
			files = (
				3BE35BFC19BB17BF001673BB /* MNConnectButton.xib in Resources */,
				3BE35BCB19BACD4A001673BB /* InfoPlist.strings in Resources */,
				3BE35BD319BACD4A001673BB /* Images.xcassets in Resources */,
			);
			runOnlyForDeploymentPostprocessing = 0;
		};
		3BE35BD619BACD4A001673BB /* Resources */ = {
			isa = PBXResourcesBuildPhase;
			buildActionMask = 2147483647;
			files = (
				3BE35BE419BACD4A001673BB /* InfoPlist.strings in Resources */,
			);
			runOnlyForDeploymentPostprocessing = 0;
		};
/* End PBXResourcesBuildPhase section */

/* Begin PBXShellScriptBuildPhase section */
		6E806B1B30CA4FD3B8A4CB76 /* Copy Pods Resources */ = {
			isa = PBXShellScriptBuildPhase;
			buildActionMask = 2147483647;
			files = (
			);
			inputPaths = (
			);
			name = "Copy Pods Resources";
			outputPaths = (
			);
			runOnlyForDeploymentPostprocessing = 0;
			shellPath = /bin/sh;
			shellScript = "\"${SRCROOT}/Pods/Pods-resources.sh\"\n";
			showEnvVarsInLog = 0;
		};
		CE2D9B2F09104CC582348556 /* Check Pods Manifest.lock */ = {
			isa = PBXShellScriptBuildPhase;
			buildActionMask = 2147483647;
			files = (
			);
			inputPaths = (
			);
			name = "Check Pods Manifest.lock";
			outputPaths = (
			);
			runOnlyForDeploymentPostprocessing = 0;
			shellPath = /bin/sh;
			shellScript = "diff \"${PODS_ROOT}/../Podfile.lock\" \"${PODS_ROOT}/Manifest.lock\" > /dev/null\nif [[ $? != 0 ]] ; then\n    cat << EOM\nerror: The sandbox is not in sync with the Podfile.lock. Run 'pod install' or update your CocoaPods installation.\nEOM\n    exit 1\nfi\n";
			showEnvVarsInLog = 0;
		};
/* End PBXShellScriptBuildPhase section */

/* Begin PBXSourcesBuildPhase section */
		3BE35BB919BACD4A001673BB /* Sources */ = {
			isa = PBXSourcesBuildPhase;
			buildActionMask = 2147483647;
			files = (
				3BE35C0219BB1F8E001673BB /* MNMainViewController.m in Sources */,
				3BE35BCD19BACD4A001673BB /* main.m in Sources */,
				3BE35BD119BACD4A001673BB /* MNAppDelegate.m in Sources */,
			);
			runOnlyForDeploymentPostprocessing = 0;
		};
		3BE35BD419BACD4A001673BB /* Sources */ = {
			isa = PBXSourcesBuildPhase;
			buildActionMask = 2147483647;
			files = (
				3BE35BE619BACD4A001673BB /* Mass_NewsTests.m in Sources */,
			);
			runOnlyForDeploymentPostprocessing = 0;
		};
/* End PBXSourcesBuildPhase section */

/* Begin PBXTargetDependency section */
		3BE35BDE19BACD4A001673BB /* PBXTargetDependency */ = {
			isa = PBXTargetDependency;
			target = 3BE35BBC19BACD4A001673BB /* Mass-News */;
			targetProxy = 3BE35BDD19BACD4A001673BB /* PBXContainerItemProxy */;
		};
/* End PBXTargetDependency section */

/* Begin PBXVariantGroup section */
		3BE35BC919BACD4A001673BB /* InfoPlist.strings */ = {
			isa = PBXVariantGroup;
			children = (
				3BE35BCA19BACD4A001673BB /* en */,
			);
			name = InfoPlist.strings;
			sourceTree = "<group>";
		};
		3BE35BE219BACD4A001673BB /* InfoPlist.strings */ = {
			isa = PBXVariantGroup;
			children = (
				3BE35BE319BACD4A001673BB /* en */,
			);
			name = InfoPlist.strings;
			sourceTree = "<group>";
		};
/* End PBXVariantGroup section */

/* Begin XCBuildConfiguration section */
		3BE35BE719BACD4A001673BB /* Debug */ = {
			isa = XCBuildConfiguration;
			buildSettings = {
				ALWAYS_SEARCH_USER_PATHS = NO;
				CLANG_CXX_LANGUAGE_STANDARD = "gnu++0x";
				CLANG_CXX_LIBRARY = "libc++";
				CLANG_ENABLE_MODULES = YES;
				CLANG_ENABLE_OBJC_ARC = YES;
				CLANG_WARN_BOOL_CONVERSION = YES;
				CLANG_WARN_CONSTANT_CONVERSION = YES;
				CLANG_WARN_DIRECT_OBJC_ISA_USAGE = YES_ERROR;
				CLANG_WARN_EMPTY_BODY = YES;
				CLANG_WARN_ENUM_CONVERSION = YES;
				CLANG_WARN_INT_CONVERSION = YES;
				CLANG_WARN_OBJC_ROOT_CLASS = YES_ERROR;
				CLANG_WARN__DUPLICATE_METHOD_MATCH = YES;
				"CODE_SIGN_IDENTITY[sdk=iphoneos*]" = "iPhone Developer";
				COPY_PHASE_STRIP = NO;
				GCC_C_LANGUAGE_STANDARD = gnu99;
				GCC_DYNAMIC_NO_PIC = NO;
				GCC_OPTIMIZATION_LEVEL = 0;
				GCC_PREPROCESSOR_DEFINITIONS = (
					"DEBUG=1",
					"$(inherited)",
				);
				GCC_SYMBOLS_PRIVATE_EXTERN = NO;
				GCC_WARN_64_TO_32_BIT_CONVERSION = YES;
				GCC_WARN_ABOUT_RETURN_TYPE = YES_ERROR;
				GCC_WARN_UNDECLARED_SELECTOR = YES;
				GCC_WARN_UNINITIALIZED_AUTOS = YES_AGGRESSIVE;
				GCC_WARN_UNUSED_FUNCTION = YES;
				GCC_WARN_UNUSED_VARIABLE = YES;
				IPHONEOS_DEPLOYMENT_TARGET = 7.1;
				ONLY_ACTIVE_ARCH = YES;
				SDKROOT = iphoneos;
			};
			name = Debug;
		};
		3BE35BE819BACD4A001673BB /* Release */ = {
			isa = XCBuildConfiguration;
			buildSettings = {
				ALWAYS_SEARCH_USER_PATHS = NO;
				CLANG_CXX_LANGUAGE_STANDARD = "gnu++0x";
				CLANG_CXX_LIBRARY = "libc++";
				CLANG_ENABLE_MODULES = YES;
				CLANG_ENABLE_OBJC_ARC = YES;
				CLANG_WARN_BOOL_CONVERSION = YES;
				CLANG_WARN_CONSTANT_CONVERSION = YES;
				CLANG_WARN_DIRECT_OBJC_ISA_USAGE = YES_ERROR;
				CLANG_WARN_EMPTY_BODY = YES;
				CLANG_WARN_ENUM_CONVERSION = YES;
				CLANG_WARN_INT_CONVERSION = YES;
				CLANG_WARN_OBJC_ROOT_CLASS = YES_ERROR;
				CLANG_WARN__DUPLICATE_METHOD_MATCH = YES;
				"CODE_SIGN_IDENTITY[sdk=iphoneos*]" = "iPhone Developer";
				COPY_PHASE_STRIP = YES;
				ENABLE_NS_ASSERTIONS = NO;
				GCC_C_LANGUAGE_STANDARD = gnu99;
				GCC_WARN_64_TO_32_BIT_CONVERSION = YES;
				GCC_WARN_ABOUT_RETURN_TYPE = YES_ERROR;
				GCC_WARN_UNDECLARED_SELECTOR = YES;
				GCC_WARN_UNINITIALIZED_AUTOS = YES_AGGRESSIVE;
				GCC_WARN_UNUSED_FUNCTION = YES;
				GCC_WARN_UNUSED_VARIABLE = YES;
				IPHONEOS_DEPLOYMENT_TARGET = 7.1;
				SDKROOT = iphoneos;
				VALIDATE_PRODUCT = YES;
			};
			name = Release;
		};
		3BE35BEA19BACD4A001673BB /* Debug */ = {
			isa = XCBuildConfiguration;
			baseConfigurationReference = B9B4AC7B41564F5789F7FA60 /* Pods.xcconfig */;
			buildSettings = {
				ASSETCATALOG_COMPILER_APPICON_NAME = AppIcon;
				ASSETCATALOG_COMPILER_LAUNCHIMAGE_NAME = LaunchImage;
				CODE_SIGN_IDENTITY = "iPhone Developer";
				GCC_PRECOMPILE_PREFIX_HEADER = YES;
				GCC_PREFIX_HEADER = "Mass-News/Mass-News-Prefix.pch";
				INFOPLIST_FILE = "Mass-News/Mass-News-Info.plist";
				PRODUCT_NAME = "$(TARGET_NAME)";
				WRAPPER_EXTENSION = app;
			};
			name = Debug;
		};
		3BE35BEB19BACD4A001673BB /* Release */ = {
			isa = XCBuildConfiguration;
			baseConfigurationReference = B9B4AC7B41564F5789F7FA60 /* Pods.xcconfig */;
			buildSettings = {
				ASSETCATALOG_COMPILER_APPICON_NAME = AppIcon;
				ASSETCATALOG_COMPILER_LAUNCHIMAGE_NAME = LaunchImage;
				CODE_SIGN_IDENTITY = "iPhone Developer";
				GCC_PRECOMPILE_PREFIX_HEADER = YES;
				GCC_PREFIX_HEADER = "Mass-News/Mass-News-Prefix.pch";
				INFOPLIST_FILE = "Mass-News/Mass-News-Info.plist";
				PRODUCT_NAME = "$(TARGET_NAME)";
				WRAPPER_EXTENSION = app;
			};
			name = Release;
		};
		3BE35BED19BACD4A001673BB /* Debug */ = {
			isa = XCBuildConfiguration;
			buildSettings = {
				BUNDLE_LOADER = "$(BUILT_PRODUCTS_DIR)/Mass-News.app/Mass-News";
				FRAMEWORK_SEARCH_PATHS = (
					"$(SDKROOT)/Developer/Library/Frameworks",
					"$(inherited)",
					"$(DEVELOPER_FRAMEWORKS_DIR)",
				);
				GCC_PRECOMPILE_PREFIX_HEADER = YES;
				GCC_PREFIX_HEADER = "Mass-News/Mass-News-Prefix.pch";
				GCC_PREPROCESSOR_DEFINITIONS = (
					"DEBUG=1",
					"$(inherited)",
				);
				INFOPLIST_FILE = "Mass-NewsTests/Mass-NewsTests-Info.plist";
				PRODUCT_NAME = "$(TARGET_NAME)";
				TEST_HOST = "$(BUNDLE_LOADER)";
				WRAPPER_EXTENSION = xctest;
			};
			name = Debug;
		};
		3BE35BEE19BACD4A001673BB /* Release */ = {
			isa = XCBuildConfiguration;
			buildSettings = {
				BUNDLE_LOADER = "$(BUILT_PRODUCTS_DIR)/Mass-News.app/Mass-News";
				FRAMEWORK_SEARCH_PATHS = (
					"$(SDKROOT)/Developer/Library/Frameworks",
					"$(inherited)",
					"$(DEVELOPER_FRAMEWORKS_DIR)",
				);
				GCC_PRECOMPILE_PREFIX_HEADER = YES;
				GCC_PREFIX_HEADER = "Mass-News/Mass-News-Prefix.pch";
				INFOPLIST_FILE = "Mass-NewsTests/Mass-NewsTests-Info.plist";
				PRODUCT_NAME = "$(TARGET_NAME)";
				TEST_HOST = "$(BUNDLE_LOADER)";
				WRAPPER_EXTENSION = xctest;
			};
			name = Release;
		};
/* End XCBuildConfiguration section */

/* Begin XCConfigurationList section */
		3BE35BB819BACD4A001673BB /* Build configuration list for PBXProject "Mass-News" */ = {
			isa = XCConfigurationList;
			buildConfigurations = (
				3BE35BE719BACD4A001673BB /* Debug */,
				3BE35BE819BACD4A001673BB /* Release */,
			);
			defaultConfigurationIsVisible = 0;
			defaultConfigurationName = Release;
		};
		3BE35BE919BACD4A001673BB /* Build configuration list for PBXNativeTarget "Mass-News" */ = {
			isa = XCConfigurationList;
			buildConfigurations = (
				3BE35BEA19BACD4A001673BB /* Debug */,
				3BE35BEB19BACD4A001673BB /* Release */,
			);
			defaultConfigurationIsVisible = 0;
			defaultConfigurationName = Release;
		};
		3BE35BEC19BACD4A001673BB /* Build configuration list for PBXNativeTarget "Mass-NewsTests" */ = {
			isa = XCConfigurationList;
			buildConfigurations = (
				3BE35BED19BACD4A001673BB /* Debug */,
				3BE35BEE19BACD4A001673BB /* Release */,
			);
			defaultConfigurationIsVisible = 0;
			defaultConfigurationName = Release;
		};
/* End XCConfigurationList section */
	};
	rootObject = 3BE35BB519BACD4A001673BB /* Project object */;
}
